
Microsoft Visual Studio Solution File, Format Version 12.00
# Visual Studio Version 17
VisualStudioVersion = 17.5.2.0
MinimumVisualStudioVersion = 10.0.40219.1
Project("{2150E333-8FDC-42A3-9474-1A3956D46DE8}") = "backend", "backend", "{1AE8ACA6-933B-BF2A-3671-3E2EAC007D16}"
EndProject
Project("{FAE04EC0-301F-11D3-BF4B-00C04F79EFBC}") = "NxHealth.Api", "backend\NxHealth.Api\NxHealth.Api.csproj", "{F87CF8FB-BBD8-797B-CDCB-8F0B05B81328}"
EndProject
Global
	GlobalSection(SolutionConfigurationPlatforms) = preSolution
		Debug|Any CPU = Debug|Any CPU
		Debug|x64 = Debug|x64
		Debug|x86 = Debug|x86
		Release|Any CPU = Release|Any CPU
		Release|x64 = Release|x64
		Release|x86 = Release|x86
	EndGlobalSection
	GlobalSection(ProjectConfigurationPlatforms) = postSolution
		{F87CF8FB-BBD8-797B-CDCB-8F0B05B81328}.Debug|Any CPU.ActiveCfg = Debug|Any CPU
		{F87CF8FB-BBD8-797B-CDCB-8F0B05B81328}.Debug|Any CPU.Build.0 = Debug|Any CPU
		{F87CF8FB-BBD8-797B-CDCB-8F0B05B81328}.Debug|x64.ActiveCfg = Debug|Any CPU
		{F87CF8FB-BBD8-797B-CDCB-8F0B05B81328}.Debug|x64.Build.0 = Debug|Any CPU
		{F87CF8FB-BBD8-797B-CDCB-8F0B05B81328}.Debug|x86.ActiveCfg = Debug|Any CPU
		{F87CF8FB-BBD8-797B-CDCB-8F0B05B81328}.Debug|x86.Build.0 = Debug|Any CPU
		{F87CF8FB-BBD8-797B-CDCB-8F0B05B81328}.Release|Any CPU.ActiveCfg = Release|Any CPU
		{F87CF8FB-BBD8-797B-CDCB-8F0B05B81328}.Release|Any CPU.Build.0 = Release|Any CPU
		{F87CF8FB-BBD8-797B-CDCB-8F0B05B81328}.Release|x64.ActiveCfg = Release|Any CPU
		{F87CF8FB-BBD8-797B-CDCB-8F0B05B81328}.Release|x64.Build.0 = Release|Any CPU
		{F87CF8FB-BBD8-797B-CDCB-8F0B05B81328}.Release|x86.ActiveCfg = Release|Any CPU
		{F87CF8FB-BBD8-797B-CDCB-8F0B05B81328}.Release|x86.Build.0 = Release|Any CPU
	EndGlobalSection
	GlobalSection(SolutionProperties) = preSolution
		HideSolutionNode = FALSE
	EndGlobalSection
	GlobalSection(NestedProjects) = preSolution
		{F87CF8FB-BBD8-797B-CDCB-8F0B05B81328} = {1AE8ACA6-933B-BF2A-3671-3E2EAC007D16}
	EndGlobalSection
	GlobalSection(ExtensibilityGlobals) = postSolution
		SolutionGuid = {2DB2E844-2D7F-403F-88E6-8B07C4A5FEB4}
	EndGlobalSection
EndGlobal
